
Microsoft Visual Studio Solution File, Format Version 12.00
# Visual Studio Version 16
VisualStudioVersion = 16.0.30907.101
MinimumVisualStudioVersion = 10.0.40219.1
Project("{FAE04EC0-301F-11D3-BF4B-00C04F79EFBC}") = "DiceRoller", "DiceRoller.csproj", "{CEC7D850-E613-476A-A12F-D2592663D18F}"
EndProject
Global
	GlobalSection(SolutionConfigurationPlatforms) = preSolution
		Debug|Any CPU = Debug|Any CPU
		Release|Any CPU = Release|Any CPU
	EndGlobalSection
	GlobalSection(ProjectConfigurationPlatforms) = postSolution
		{CEC7D850-E613-476A-A12F-D2592663D18F}.Debug|Any CPU.ActiveCfg = Debug|Any CPU
		{CEC7D850-E613-476A-A12F-D2592663D18F}.Debug|Any CPU.Build.0 = Debug|Any CPU
		{CEC7D850-E613-476A-A12F-D2592663D18F}.Release|Any CPU.ActiveCfg = Release|Any CPU
		{CEC7D850-E613-476A-A12F-D2592663D18F}.Release|Any CPU.Build.0 = Release|Any CPU
	EndGlobalSection
	GlobalSection(SolutionProperties) = preSolution
		HideSolutionNode = FALSE
	EndGlobalSection
	GlobalSection(ExtensibilityGlobals) = postSolution
		SolutionGuid = {D1515F03-BE98-4915-A5E6-4AFA96A4DBD1}
	EndGlobalSection
EndGlobal
